
Microsoft Visual Studio Solution File, Format Version 12.00
# Visual Studio 15
VisualStudioVersion = 15.0.27703.2026
MinimumVisualStudioVersion = 10.0.40219.1
Project("{888888A0-9F3D-457C-B088-3A5042F75D52}") = "FromPyCharm", "FromPyCharm\FromPyCharm.pyproj", "{76626C12-B56C-4148-9689-B834E2357AA4}"
EndProject
Global
	GlobalSection(SolutionConfigurationPlatforms) = preSolution
		Debug|Any CPU = Debug|Any CPU
		Release|Any CPU = Release|Any CPU
	EndGlobalSection
	GlobalSection(ProjectConfigurationPlatforms) = postSolution
		{76626C12-B56C-4148-9689-B834E2357AA4}.Debug|Any CPU.ActiveCfg = Debug|Any CPU
		{76626C12-B56C-4148-9689-B834E2357AA4}.Release|Any CPU.ActiveCfg = Release|Any CPU
	EndGlobalSection
	GlobalSection(SolutionProperties) = preSolution
		HideSolutionNode = FALSE
	EndGlobalSection
	GlobalSection(ExtensibilityGlobals) = postSolution
		SolutionGuid = {F83D7746-8D54-4B25-8BA7-AED892224C0C}
	EndGlobalSection
EndGlobal
